
Microsoft Visual Studio Solution File, Format Version 12.00
# Visual Studio 15
VisualStudioVersion = 15.0.28307.168
MinimumVisualStudioVersion = 10.0.40219.1
Project("{FAE04EC0-301F-11D3-BF4B-00C04F79EFBC}") = "harman", "harman\harman.csproj", "{19CAED23-E2A6-4CA1-8EF3-2AEB255A40C2}"
EndProject
Global
	GlobalSection(SolutionConfigurationPlatforms) = preSolution
		Debug|Any CPU = Debug|Any CPU
		Release|Any CPU = Release|Any CPU
	EndGlobalSection
	GlobalSection(ProjectConfigurationPlatforms) = postSolution
		{19CAED23-E2A6-4CA1-8EF3-2AEB255A40C2}.Debug|Any CPU.ActiveCfg = Debug|Any CPU
		{19CAED23-E2A6-4CA1-8EF3-2AEB255A40C2}.Debug|Any CPU.Build.0 = Debug|Any CPU
		{19CAED23-E2A6-4CA1-8EF3-2AEB255A40C2}.Release|Any CPU.ActiveCfg = Release|Any CPU
		{19CAED23-E2A6-4CA1-8EF3-2AEB255A40C2}.Release|Any CPU.Build.0 = Release|Any CPU
	EndGlobalSection
	GlobalSection(SolutionProperties) = preSolution
		HideSolutionNode = FALSE
	EndGlobalSection
	GlobalSection(ExtensibilityGlobals) = postSolution
		SolutionGuid = {FD066786-7128-48E4-AAA0-E10C04E95C46}
	EndGlobalSection
EndGlobal
